version = 1
requires-python = "==3.11.*"

[[package]]
name = "bigram"
version = "0.1.0"
source = { virtual = "." }
dependencies = [
    { name = "lxml" },
    { name = "pyyaml" },
]

[package.metadata]
requires-dist = [
    { name = "lxml", specifier = ">=5.4.0" },
    { name = "pyyaml", specifier = ">=6.0.2" },
]

[[package]]
name = "lxml"
version = "5.4.0"
source = { registry = "https://pypi.org/simple" }
sdist = { url = "https://files.pythonhosted.org/packages/76/3d/14e82fc7c8fb1b7761f7e748fd47e2ec8276d137b6acfe5a4bb73853e08f/lxml-5.4.0.tar.gz", hash = "sha256:d12832e1dbea4be280b22fd0ea7c9b87f0d8fc51ba06e92dc62d52f804f78ebd", size = 3679479 }
wheels = [
    { url = "https://files.pythonhosted.org/packages/81/2d/67693cc8a605a12e5975380d7ff83020dcc759351b5a066e1cced04f797b/lxml-5.4.0-cp311-cp311-macosx_10_9_universal2.whl", hash = "sha256:98a3912194c079ef37e716ed228ae0dcb960992100461b704aea4e93af6b0bb9", size = 8083240 },
    { url = "https://files.pythonhosted.org/packages/73/53/b5a05ab300a808b72e848efd152fe9c022c0181b0a70b8bca1199f1bed26/lxml-5.4.0-cp311-cp311-macosx_10_9_x86_64.whl", hash = "sha256:0ea0252b51d296a75f6118ed0d8696888e7403408ad42345d7dfd0d1e93309a7", size = 4387685 },
    { url = "https://files.pythonhosted.org/packages/d8/cb/1a3879c5f512bdcd32995c301886fe082b2edd83c87d41b6d42d89b4ea4d/lxml-5.4.0-cp311-cp311-manylinux_2_12_i686.manylinux2010_i686.manylinux_2_17_i686.manylinux2014_i686.whl", hash = "sha256:b92b69441d1bd39f4940f9eadfa417a25862242ca2c396b406f9272ef09cdcaa", size = 4991164 },
    { url = "https://files.pythonhosted.org/packages/f9/94/bbc66e42559f9d04857071e3b3d0c9abd88579367fd2588a4042f641f57e/lxml-5.4.0-cp311-cp311-manylinux_2_17_aarch64.manylinux2014_aarch64.whl", hash = "sha256:20e16c08254b9b6466526bc1828d9370ee6c0d60a4b64836bc3ac2917d1e16df", size = 4746206 },
    { url = "https://files.pythonhosted.org/packages/66/95/34b0679bee435da2d7cae895731700e519a8dfcab499c21662ebe671603e/lxml-5.4.0-cp311-cp311-manylinux_2_17_ppc64le.manylinux2014_ppc64le.whl", hash = "sha256:7605c1c32c3d6e8c990dd28a0970a3cbbf1429d5b92279e37fda05fb0c92190e", size = 5342144 },
    { url = "https://files.pythonhosted.org/packages/e0/5d/abfcc6ab2fa0be72b2ba938abdae1f7cad4c632f8d552683ea295d55adfb/lxml-5.4.0-cp311-cp311-manylinux_2_17_s390x.manylinux2014_s390x.whl", hash = "sha256:ecf4c4b83f1ab3d5a7ace10bafcb6f11df6156857a3c418244cef41ca9fa3e44", size = 4825124 },
    { url = "https://files.pythonhosted.org/packages/5a/78/6bd33186c8863b36e084f294fc0a5e5eefe77af95f0663ef33809cc1c8aa/lxml-5.4.0-cp311-cp311-manylinux_2_17_x86_64.manylinux2014_x86_64.whl", hash = "sha256:0cef4feae82709eed352cd7e97ae062ef6ae9c7b5dbe3663f104cd2c0e8d94ba", size = 4876520 },
    { url = "https://files.pythonhosted.org/packages/3b/74/4d7ad4839bd0fc64e3d12da74fc9a193febb0fae0ba6ebd5149d4c23176a/lxml-5.4.0-cp311-cp311-manylinux_2_28_aarch64.whl", hash = "sha256:df53330a3bff250f10472ce96a9af28628ff1f4efc51ccba351a8820bca2a8ba", size = 4765016 },
    { url = "https://files.pythonhosted.org/packages/24/0d/0a98ed1f2471911dadfc541003ac6dd6879fc87b15e1143743ca20f3e973/lxml-5.4.0-cp311-cp311-manylinux_2_28_ppc64le.whl", hash = "sha256:aefe1a7cb852fa61150fcb21a8c8fcea7b58c4cb11fbe59c97a0a4b31cae3c8c", size = 5362884 },
    { url = "https://files.pythonhosted.org/packages/48/de/d4f7e4c39740a6610f0f6959052b547478107967362e8424e1163ec37ae8/lxml-5.4.0-cp311-cp311-manylinux_2_28_s390x.whl", hash = "sha256:ef5a7178fcc73b7d8c07229e89f8eb45b2908a9238eb90dcfc46571ccf0383b8", size = 4902690 },
    { url = "https://files.pythonhosted.org/packages/07/8c/61763abd242af84f355ca4ef1ee096d3c1b7514819564cce70fd18c22e9a/lxml-5.4.0-cp311-cp311-manylinux_2_28_x86_64.whl", hash = "sha256:d2ed1b3cb9ff1c10e6e8b00941bb2e5bb568b307bfc6b17dffbbe8be5eecba86", size = 4944418 },
    { url = "https://files.pythonhosted.org/packages/f9/c5/6d7e3b63e7e282619193961a570c0a4c8a57fe820f07ca3fe2f6bd86608a/lxml-5.4.0-cp311-cp311-musllinux_1_2_aarch64.whl", hash = "sha256:72ac9762a9f8ce74c9eed4a4e74306f2f18613a6b71fa065495a67ac227b3056", size = 4827092 },
    { url = "https://files.pythonhosted.org/packages/71/4a/e60a306df54680b103348545706a98a7514a42c8b4fbfdcaa608567bb065/lxml-5.4.0-cp311-cp311-musllinux_1_2_ppc64le.whl", hash = "sha256:f5cb182f6396706dc6cc1896dd02b1c889d644c081b0cdec38747573db88a7d7", size = 5418231 },
    { url = "https://files.pythonhosted.org/packages/27/f2/9754aacd6016c930875854f08ac4b192a47fe19565f776a64004aa167521/lxml-5.4.0-cp311-cp311-musllinux_1_2_s390x.whl", hash = "sha256:3a3178b4873df8ef9457a4875703488eb1622632a9cee6d76464b60e90adbfcd", size = 5261798 },
    { url = "https://files.pythonhosted.org/packages/38/a2/0c49ec6941428b1bd4f280650d7b11a0f91ace9db7de32eb7aa23bcb39ff/lxml-5.4.0-cp311-cp311-musllinux_1_2_x86_64.whl", hash = "sha256:e094ec83694b59d263802ed03a8384594fcce477ce484b0cbcd0008a211ca751", size = 4988195 },
    { url = "https://files.pythonhosted.org/packages/7a/75/87a3963a08eafc46a86c1131c6e28a4de103ba30b5ae903114177352a3d7/lxml-5.4.0-cp311-cp311-win32.whl", hash = "sha256:4329422de653cdb2b72afa39b0aa04252fca9071550044904b2e7036d9d97fe4", size = 3474243 },
    { url = "https://files.pythonhosted.org/packages/fa/f9/1f0964c4f6c2be861c50db380c554fb8befbea98c6404744ce243a3c87ef/lxml-5.4.0-cp311-cp311-win_amd64.whl", hash = "sha256:fd3be6481ef54b8cfd0e1e953323b7aa9d9789b94842d0e5b142ef4bb7999539", size = 3815197 },
]

[[package]]
name = "pyyaml"
version = "6.0.2"
source = { registry = "https://pypi.org/simple" }
sdist = { url = "https://files.pythonhosted.org/packages/54/ed/79a089b6be93607fa5cdaedf301d7dfb23af5f25c398d5ead2525b063e17/pyyaml-6.0.2.tar.gz", hash = "sha256:d584d9ec91ad65861cc08d42e834324ef890a082e591037abe114850ff7bbc3e", size = 130631 }
wheels = [
    { url = "https://files.pythonhosted.org/packages/f8/aa/7af4e81f7acba21a4c6be026da38fd2b872ca46226673c89a758ebdc4fd2/PyYAML-6.0.2-cp311-cp311-macosx_10_9_x86_64.whl", hash = "sha256:cc1c1159b3d456576af7a3e4d1ba7e6924cb39de8f67111c735f6fc832082774", size = 184612 },
    { url = "https://files.pythonhosted.org/packages/8b/62/b9faa998fd185f65c1371643678e4d58254add437edb764a08c5a98fb986/PyYAML-6.0.2-cp311-cp311-macosx_11_0_arm64.whl", hash = "sha256:1e2120ef853f59c7419231f3bf4e7021f1b936f6ebd222406c3b60212205d2ee", size = 172040 },
    { url = "https://files.pythonhosted.org/packages/ad/0c/c804f5f922a9a6563bab712d8dcc70251e8af811fce4524d57c2c0fd49a4/PyYAML-6.0.2-cp311-cp311-manylinux_2_17_aarch64.manylinux2014_aarch64.whl", hash = "sha256:5d225db5a45f21e78dd9358e58a98702a0302f2659a3c6cd320564b75b86f47c", size = 736829 },
    { url = "https://files.pythonhosted.org/packages/51/16/6af8d6a6b210c8e54f1406a6b9481febf9c64a3109c541567e35a49aa2e7/PyYAML-6.0.2-cp311-cp311-manylinux_2_17_s390x.manylinux2014_s390x.whl", hash = "sha256:5ac9328ec4831237bec75defaf839f7d4564be1e6b25ac710bd1a96321cc8317", size = 764167 },
    { url = "https://files.pythonhosted.org/packages/75/e4/2c27590dfc9992f73aabbeb9241ae20220bd9452df27483b6e56d3975cc5/PyYAML-6.0.2-cp311-cp311-manylinux_2_17_x86_64.manylinux2014_x86_64.whl", hash = "sha256:3ad2a3decf9aaba3d29c8f537ac4b243e36bef957511b4766cb0057d32b0be85", size = 762952 },
    { url = "https://files.pythonhosted.org/packages/9b/97/ecc1abf4a823f5ac61941a9c00fe501b02ac3ab0e373c3857f7d4b83e2b6/PyYAML-6.0.2-cp311-cp311-musllinux_1_1_aarch64.whl", hash = "sha256:ff3824dc5261f50c9b0dfb3be22b4567a6f938ccce4587b38952d85fd9e9afe4", size = 735301 },
    { url = "https://files.pythonhosted.org/packages/45/73/0f49dacd6e82c9430e46f4a027baa4ca205e8b0a9dce1397f44edc23559d/PyYAML-6.0.2-cp311-cp311-musllinux_1_1_x86_64.whl", hash = "sha256:797b4f722ffa07cc8d62053e4cff1486fa6dc094105d13fea7b1de7d8bf71c9e", size = 756638 },
    { url = "https://files.pythonhosted.org/packages/22/5f/956f0f9fc65223a58fbc14459bf34b4cc48dec52e00535c79b8db361aabd/PyYAML-6.0.2-cp311-cp311-win32.whl", hash = "sha256:11d8f3dd2b9c1207dcaf2ee0bbbfd5991f571186ec9cc78427ba5bd32afae4b5", size = 143850 },
    { url = "https://files.pythonhosted.org/packages/ed/23/8da0bbe2ab9dcdd11f4f4557ccaf95c10b9811b13ecced089d43ce59c3c8/PyYAML-6.0.2-cp311-cp311-win_amd64.whl", hash = "sha256:e10ce637b18caea04431ce14fabcf5c64a1c61ec9c56b071a4b7ca131ca52d44", size = 161980 },
]
